github.com/davecgh/go-spew v1.1.1 h1:vj9j/u1bqnvCEfJOwUhtlOARqs3+rkHYY13jYWTU97c=
github.com/davecgh/go-spew v1.1.1/go.mod h1:J7Y8YcW2NihsgmVo/mv3lAwl/skON4iLHjSsI+c5H38=
github.com/fatih/color v1.19.0 h1:Zp3PiM21/9Ld6FzSKyL5c/BULoe/ONr9KlbYVOfG8+w=
github.com/fatih/color v1.19.0/go.mod h1:zNk67I0ZUT1bEGsSGyCZYZNrHuTkJJB+r6Q9VuMi0LE=
github.com/jfjallid/go-smb v0.8.2 h1:tacOfrY2pNMNJF0K8z/p5SZrejLlmtj2udaO9PTX9as=
github.com/jfjallid/go-smb v0.8.2/go.mod h1:n92uo7BxPhu92OebTdjMtHO0NH+Ysk8r2URdvgPpOa8=
github.com/jfjallid/gofork v1.7.6 h1:OYyS2HH597860gkDxxjNsl+NZRxoAnuRI6ZsP++kYKE=
github.com/jfjallid/gofork v1.7.6/go.mod h1:r1EH4W9KY5iqtiGhAupnbzMRONsLDApdJ9EZH5NWFSc=
github.com/jfjallid/gokrb5/v8 v8.6.2 h1:Q8qLFI2ow99pi3cBoDr7erN9gwrmmPU3vVItQGhswHQ=
github.com/jfjallid/gokrb5/v8 v8.6.2/go.mod h1:F66lIrU3MMXYm9QwWCwnND9fCbhV2bJOZhwZGKf2mkA=
github.com/jfjallid/golog v0.3.6 h1:jkIyKxahU8I9fLlJPtwnOsT1ccnAcQns70iVJe/T4zs=
github.com/jfjallid/golog v0.3.6/go.mod h1:19Q/zg5OgPPd0xhFllokPnMzthzhFPZmiAGAokE7k58=
github.com/jfjallid/mstypes v0.0.2 h1:bYXHnkT7qnfdgc3wSKnPKcRo3jrjY+FV/HqwaYbi4zY=
github.com/jfjallid/mstypes v0.0.2/go.mod h1:a3RS3XrUS/+1FbmUNDHB2cJ878Z//brwfxBTG9PB9/M=
github.com/jfjallid/ndr v0.1.1 h1:2Go7AitvAuQ0WPmZrMsLA3qKxVXIYu3teA/sDxuQExE=
github.com/jfjallid/ndr v0.1.1/go.mod h1:UMz28tesCXi88OhCL4EGJMEU9I6nb717O4vy3yFOatA=
github.com/mattn/go-colorable v0.1.14 h1:9A9LHSqF/7dyVVX6g0U9cwm9pG3kP9gSzcuIPHPsaIE=
github.com/mattn/go-colorable v0.1.14/go.mod h1:6LmQG8QLFO4G5z1gPvYEzlUgJ2wF+stgPZH1UqBm1s8=
github.com/mattn/go-isatty v0.0.22 h1:j8l17JJ9i6VGPUFUYoTUKPSgKe/83EYU2zBC7YNKMw4=
github.com/mattn/go-isatty v0.0.22/go.mod h1:ZXfXG4SQHsB/w3ZeOYbR0PrPwLy+n6xiMrJlRFqopa4=
github.com/pmezard/go-difflib v1.0.0 h1:4DBwDE0NGyQoBHbLQYPwSUPoCMWR5BEzIk/f1lZbAQM=
github.com/pmezard/go-difflib v1.0.0/go.mod h1:iKH77koFhYxTK1pcRnkKkqfTogsbg7gZNVY4sRDYZ/4=
github.com/rs/zerolog v1.35.1 h1:m7xQeoiLIiV0BCEY4Hs+j2NG4Gp2o2KPKmhnnLiazKI=
github.com/rs/zerolog v1.35.1/go.mod h1:EjML9kdfa/RMA7h/6z6pYmq1ykOuA8/mjWaEvGI+jcw=
github.com/spf13/pflag v1.0.10 h1:4EBh2KAYBwaONj6b2Ye1GiHfwjqyROoF4RwYO+vPwFk=
github.com/spf13/pflag v1.0.10/go.mod h1:McXfInJRrz4CZXVZOBLb0bTZqETkiAhM9Iw0y3An2Bg=
github.com/stretchr/testify v1.11.1 h1:7s2iGBzp5EwR7/aIZr8ao5+dra3wiQyKjjFuvgVKu7U=
github.com/stretchr/testify v1.11.1/go.mod h1:wZwfW3scLgRK+23gO65QZefKpKQRnfz6sD981Nm4B6U=
golang.org/x/crypto v0.52.0 h1:RMs7fP2rXdep0CftQlK8Uf+kibLm7qkCcradZWYz988=
golang.org/x/crypto v0.52.0/go.mod h1:1QgfPxDqh0T2M/elOJtp9RvuR95kVjir0e6/BvEmGbc=
golang.org/x/net v0.55.0 h1:bcvxaJn3e1U6InsFWt1JUq1aSjnRxLzT2rtD2KfkDF8=
golang.org/x/net v0.55.0/go.mod h1:L5U2KuzuOe1lY7Z+aWVIKK6qEeJXnXV9yzGA+WCHJww=
golang.org/x/sys v0.45.0 h1:dO4czNzziLiiXplLQgBCEpCvXQ3dnkn0SdaZSYdQ+FY=
golang.org/x/sys v0.45.0/go.mod h1:4GL1E5IUh+htKOUEOaiffhrAeqysfVGipDYzABqnCmw=
gopkg.in/yaml.v3 v3.0.1 h1:fxVm/GzAzEWqLHuvctI91KS9hhNmmWOoWu0XTYJS7CA=
gopkg.in/yaml.v3 v3.0.1/go.mod h1:K4uyk7z7BCEPqu6E+C64Yfv1cQ7kz7rIZviUmN+EgEM=
software.sslmate.com/src/go-pkcs12 v0.7.1 h1:bxkUPRsvTPNRBZa4M/aSX4PyMOEbq3V8I6hbkG4F4Q8=
software.sslmate.com/src/go-pkcs12 v0.7.1/go.mod h1:Qiz0EyvDRJjjxGyUQa2cCNZn/wMyzrRJ/qcDXOQazLI=
